
Microsoft Visual Studio Solution File, Format Version 12.00
# Visual Studio Version 16
VisualStudioVersion = 16.0.29418.71
MinimumVisualStudioVersion = 10.0.40219.1
Project("{FAE04EC0-301F-11D3-BF4B-00C04F79EFBC}") = "POO", "POO\POO.csproj", "{ACD1CDC5-8A8B-4834-A841-8CC1BCCBAE4D}"
EndProject
Global
	GlobalSection(SolutionConfigurationPlatforms) = preSolution
		Debug|Any CPU = Debug|Any CPU
		Release|Any CPU = Release|Any CPU
	EndGlobalSection
	GlobalSection(ProjectConfigurationPlatforms) = postSolution
		{ACD1CDC5-8A8B-4834-A841-8CC1BCCBAE4D}.Debug|Any CPU.ActiveCfg = Debug|Any CPU
		{ACD1CDC5-8A8B-4834-A841-8CC1BCCBAE4D}.Debug|Any CPU.Build.0 = Debug|Any CPU
		{ACD1CDC5-8A8B-4834-A841-8CC1BCCBAE4D}.Release|Any CPU.ActiveCfg = Release|Any CPU
		{ACD1CDC5-8A8B-4834-A841-8CC1BCCBAE4D}.Release|Any CPU.Build.0 = Release|Any CPU
	EndGlobalSection
	GlobalSection(SolutionProperties) = preSolution
		HideSolutionNode = FALSE
	EndGlobalSection
	GlobalSection(ExtensibilityGlobals) = postSolution
		SolutionGuid = {281FA5CE-B0B9-4978-9421-B05BAD2617E4}
	EndGlobalSection
EndGlobal
